
Microsoft Visual Studio Solution File, Format Version 12.00
# Visual Studio Version 17
VisualStudioVersion = 17.5.002.0
MinimumVisualStudioVersion = 10.0.40219.1
Project("{2150E333-8FDC-42A3-9474-1A3956D46DE8}") = "trilha-net-fundamentos-desafio-main", "trilha-net-fundamentos-desafio-main", "{09CA1979-EAC7-475B-8484-8C5069975C55}"
EndProject
Project("{9A19103F-16F7-4668-BE54-9A1E7A4F7556}") = "DesafioFundamentos", "trilha-net-fundamentos-desafio-main\DesafioFundamentos\DesafioFundamentos.csproj", "{8259DFD7-5B6E-4264-A325-EA6A00B6F7AE}"
EndProject
Global
	GlobalSection(SolutionConfigurationPlatforms) = preSolution
		Debug|Any CPU = Debug|Any CPU
		Release|Any CPU = Release|Any CPU
	EndGlobalSection
	GlobalSection(ProjectConfigurationPlatforms) = postSolution
		{8259DFD7-5B6E-4264-A325-EA6A00B6F7AE}.Debug|Any CPU.ActiveCfg = Debug|Any CPU
		{8259DFD7-5B6E-4264-A325-EA6A00B6F7AE}.Debug|Any CPU.Build.0 = Debug|Any CPU
		{8259DFD7-5B6E-4264-A325-EA6A00B6F7AE}.Release|Any CPU.ActiveCfg = Release|Any CPU
		{8259DFD7-5B6E-4264-A325-EA6A00B6F7AE}.Release|Any CPU.Build.0 = Release|Any CPU
	EndGlobalSection
	GlobalSection(SolutionProperties) = preSolution
		HideSolutionNode = FALSE
	EndGlobalSection
	GlobalSection(NestedProjects) = preSolution
		{8259DFD7-5B6E-4264-A325-EA6A00B6F7AE} = {09CA1979-EAC7-475B-8484-8C5069975C55}
	EndGlobalSection
	GlobalSection(ExtensibilityGlobals) = postSolution
		SolutionGuid = {909234D3-13E9-45D8-9C83-AD3168907AA6}
	EndGlobalSection
EndGlobal
